{
  "name": "flinker-dom",
  "version": "1.0.0",
  "lockfileVersion": 3,
  "requires": true,
  "packages": {
    "": {
      "name": "flinker-dom",
      "version": "1.0.0",
      "license": "MIT",
      "devDependencies": {
        "flinker": "^2.0.3",
        "typescript": "~5.7.2"
      }
    },
    "node_modules/flinker": {
      "version": "2.0.3",
      "resolved": "https://registry.npmjs.org/flinker/-/flinker-2.0.3.tgz",
      "integrity": "sha512-Ht6lbfRzgKo5DLkcE1WOAqKAsB9zzVdmunEekzMpevZvzk7IgFYD0s+o7ZTN+KzrRXMZQDZlkVotW9ljN3x3Fg==",
      "dev": true,
      "license": "MIT"
    },
    "node_modules/typescript": {
      "version": "5.7.3",
      "resolved": "https://registry.npmjs.org/typescript/-/typescript-5.7.3.tgz",
      "integrity": "sha512-84MVSjMEHP+FQRPy3pX9sTVV/INIex71s9TL2Gm5FG/WG1SqXeKyZ0k7/blY/4FdOzI12CBy1vGc4og/eus0fw==",
      "dev": true,
      "license": "Apache-2.0",
      "bin": {
        "tsc": "bin/tsc",
        "tsserver": "bin/tsserver"
      },
      "engines": {
        "node": ">=14.17"
      }
    }
  }
}
